
Microsoft Visual Studio Solution File, Format Version 12.00
# Visual Studio Version 16
VisualStudioVersion = 16.0.30114.105
MinimumVisualStudioVersion = 10.0.40219.1
Project("{FAE04EC0-301F-11D3-BF4B-00C04F79EFBC}") = "SearchingAlgorithms_Pacman", "SearchingAlgorithms_Pacman.csproj", "{60ED9AEB-1BA3-49B0-852C-012BD3E49A70}"
EndProject
Global
	GlobalSection(SolutionConfigurationPlatforms) = preSolution
		Debug|Any CPU = Debug|Any CPU
		Release|Any CPU = Release|Any CPU
	EndGlobalSection
	GlobalSection(ProjectConfigurationPlatforms) = postSolution
		{60ED9AEB-1BA3-49B0-852C-012BD3E49A70}.Debug|Any CPU.ActiveCfg = Debug|Any CPU
		{60ED9AEB-1BA3-49B0-852C-012BD3E49A70}.Debug|Any CPU.Build.0 = Debug|Any CPU
		{60ED9AEB-1BA3-49B0-852C-012BD3E49A70}.Release|Any CPU.ActiveCfg = Release|Any CPU
		{60ED9AEB-1BA3-49B0-852C-012BD3E49A70}.Release|Any CPU.Build.0 = Release|Any CPU
	EndGlobalSection
	GlobalSection(SolutionProperties) = preSolution
		HideSolutionNode = FALSE
	EndGlobalSection
	GlobalSection(ExtensibilityGlobals) = postSolution
		SolutionGuid = {A3273903-FDF6-42B9-80CD-1D526979740B}
	EndGlobalSection
EndGlobal
